{
  "nodes": {
    "home-manager": {
      "inputs": {
        "nixpkgs": [
          "nixpkgs"
        ]
      },
      "locked": {
        "lastModified": 1755810213,
        "narHash": "sha256-QdenO8f0PTg+tC6HuSvngKcbRZA5oZKmjUT+MXKOLQg=",
        "owner": "nix-community",
        "repo": "home-manager",
        "rev": "6911d3e7f475f7b3558b4f5a6aba90fa86099baa",
        "type": "github"
      },
      "original": {
        "owner": "nix-community",
        "repo": "home-manager",
        "type": "github"
      }
    },
    "nixpkgs": {
      "locked": {
        "lastModified": 1755615617,
        "narHash": "sha256-HMwfAJBdrr8wXAkbGhtcby1zGFvs+StOp19xNsbqdOg=",
        "owner": "nixos",
        "repo": "nixpkgs",
        "rev": "20075955deac2583bb12f07151c2df830ef346b4",
        "type": "github"
      },
      "original": {
        "owner": "nixos",
        "ref": "nixos-unstable",
        "repo": "nixpkgs",
        "type": "github"
      }
    },
    "private-configs": {
      "locked": {
        "lastModified": 1755182660,
        "narHash": "sha256-Di89SCoQOJbGzabJ0J4YYnP8f1zoOQq8BlVyQkKKTNQ=",
        "ref": "master",
        "rev": "9964407d71b8d95d779633e7adea1681b9e92dc5",
        "revCount": 26,
        "type": "git",
        "url": "ssh://git@github.com/FausztBenedek/sensitive-nix-config"
      },
      "original": {
        "ref": "master",
        "type": "git",
        "url": "ssh://git@github.com/FausztBenedek/sensitive-nix-config"
      }
    },
    "root": {
      "inputs": {
        "home-manager": "home-manager",
        "nixpkgs": "nixpkgs",
        "private-configs": "private-configs"
      }
    }
  },
  "root": "root",
  "version": 7
}
